<?xml version="1.0" encoding="utf-8"?>
<Project ToolsVersion="4.0" xmlns="http://schemas.microsoft.com/developer/msbuild/2003">
  <ItemGroup>
    <Filter Include="소스 파일">
      <UniqueIdentifier>{4FC737F1-C7A5-4376-A066-2A32D752A2FF}</UniqueIdentifier>
      <Extensions>cpp;c;cc;cxx;c++;cppm;ixx;def;odl;idl;hpj;bat;asm;asmx</Extensions>
    </Filter>
    <Filter Include="헤더 파일">
      <UniqueIdentifier>{93995380-89BD-4b04-88EB-625FBE52EBFB}</UniqueIdentifier>
      <Extensions>h;hh;hpp;hxx;h++;hm;inl;inc;ipp;xsd</Extensions>
    </Filter>
    <Filter Include="리소스 파일">
      <UniqueIdentifier>{67DA6AB6-F800-4c08-8B7A-83BB121AAD01}</UniqueIdentifier>
      <Extensions>rc;ico;cur;bmp;dlg;rc2;rct;bin;rgs;gif;jpg;jpeg;jpe;resx;tiff;tif;png;wav;mfcribbon-ms</Extensions>
    </Filter>
    <Filter Include="2DFrameWork">
      <UniqueIdentifier>{5c3a1353-a05c-4381-91cc-6d6bea4407ad}</UniqueIdentifier>
    </Filter>
    <Filter Include="2DFrameWork\Manager">
      <UniqueIdentifier>{4f7c0173-4a4f-4a21-ae65-8b8bb9c151f8}</UniqueIdentifier>
    </Filter>
    <Filter Include="2DFrameWork\Utility">
      <UniqueIdentifier>{52401b8d-2f81-41ed-be4b-ba83ab80596d}</UniqueIdentifier>
    </Filter>
    <Filter Include="2DFrameWork\GameObject">
      <UniqueIdentifier>{3437d4cc-233c-4bcd-adb6-86b8e53a4557}</UniqueIdentifier>
    </Filter>
    <Filter Include="2DFrameWork\Timer">
      <UniqueIdentifier>{c51636c5-2952-4eef-94ad-c530ea181741}</UniqueIdentifier>
    </Filter>
    <Filter Include="2DFrameWork\Image">
      <UniqueIdentifier>{41968906-d264-4118-bb34-a2629e5ba2a4}</UniqueIdentifier>
    </Filter>
    <Filter Include="2DFrameWork\MainGame">
      <UniqueIdentifier>{b026991b-6559-4116-92df-e3404aab7758}</UniqueIdentifier>
    </Filter>
    <Filter Include="2DFrameWork\Collider">
      <UniqueIdentifier>{f9f63800-9f7b-4793-a8e1-5298bf7b5786}</UniqueIdentifier>
    </Filter>
    <Filter Include="2DFrameWork\Scene">
      <UniqueIdentifier>{9db1db41-b951-4e0a-89ae-912307c101a4}</UniqueIdentifier>
    </Filter>
    <Filter Include="2DFrameWork\SkulCharactor">
      <UniqueIdentifier>{8e0a6ffa-76c8-42c6-a09d-32e42a70f4bc}</UniqueIdentifier>
    </Filter>
  </ItemGroup>
  <ItemGroup>
    <ClCompile Include="main.cpp">
      <Filter>소스 파일</Filter>
    </ClCompile>
    <ClCompile Include="ImageManager.cpp">
      <Filter>2DFrameWork\Manager</Filter>
    </ClCompile>
    <ClCompile Include="KeyManager.cpp">
      <Filter>2DFrameWork\Manager</Filter>
    </ClCompile>
    <ClCompile Include="SceneManager.cpp">
      <Filter>2DFrameWork\Manager</Filter>
    </ClCompile>
    <ClCompile Include="TimerManager.cpp">
      <Filter>2DFrameWork\Manager</Filter>
    </ClCompile>
    <ClCompile Include="GameEntity.cpp">
      <Filter>2DFrameWork\GameObject</Filter>
    </ClCompile>
    <ClCompile Include="GameObject.cpp">
      <Filter>2DFrameWork\GameObject</Filter>
    </ClCompile>
    <ClCompile Include="Timer.cpp">
      <Filter>2DFrameWork\Timer</Filter>
    </ClCompile>
    <ClCompile Include="Image.cpp">
      <Filter>2DFrameWork\Image</Filter>
    </ClCompile>
    <ClCompile Include="MainGame.cpp">
      <Filter>2DFrameWork\MainGame</Filter>
    </ClCompile>
    <ClCompile Include="Collider.cpp">
      <Filter>2DFrameWork\Collider</Filter>
    </ClCompile>
    <ClCompile Include="TestScene.cpp">
      <Filter>2DFrameWork\Scene</Filter>
    </ClCompile>
    <ClCompile Include="Physcis.cpp">
      <Filter>2DFrameWork\Collider</Filter>
    </ClCompile>
    <ClCompile Include="TutorialScene.cpp">
      <Filter>2DFrameWork\Scene</Filter>
    </ClCompile>
    <ClCompile Include="Skul.cpp">
      <Filter>2DFrameWork\SkulCharactor</Filter>
    </ClCompile>
  </ItemGroup>
  <ItemGroup>
    <ClInclude Include="ImageManager.h">
      <Filter>2DFrameWork\Manager</Filter>
    </ClInclude>
    <ClInclude Include="KeyManager.h">
      <Filter>2DFrameWork\Manager</Filter>
    </ClInclude>
    <ClInclude Include="SceneManager.h">
      <Filter>2DFrameWork\Manager</Filter>
    </ClInclude>
    <ClInclude Include="TimerManager.h">
      <Filter>2DFrameWork\Manager</Filter>
    </ClInclude>
    <ClInclude Include="CommonFunction.h">
      <Filter>2DFrameWork\Utility</Filter>
    </ClInclude>
    <ClInclude Include="Config.h">
      <Filter>2DFrameWork\Utility</Filter>
    </ClInclude>
    <ClInclude Include="GameObject.h">
      <Filter>2DFrameWork\GameObject</Filter>
    </ClInclude>
    <ClInclude Include="GameEntity.h">
      <Filter>2DFrameWork\GameObject</Filter>
    </ClInclude>
    <ClInclude Include="Timer.h">
      <Filter>2DFrameWork\Timer</Filter>
    </ClInclude>
    <ClInclude Include="Image.h">
      <Filter>2DFrameWork\Image</Filter>
    </ClInclude>
    <ClInclude Include="MainGame.h">
      <Filter>2DFrameWork\MainGame</Filter>
    </ClInclude>
    <ClInclude Include="Singleton.h">
      <Filter>2DFrameWork\Manager</Filter>
    </ClInclude>
    <ClInclude Include="Collider.h">
      <Filter>2DFrameWork\Collider</Filter>
    </ClInclude>
    <ClInclude Include="TestScene.h">
      <Filter>2DFrameWork\Scene</Filter>
    </ClInclude>
    <ClInclude Include="Physcis.h">
      <Filter>2DFrameWork\Collider</Filter>
    </ClInclude>
    <ClInclude Include="TutorialScene.h">
      <Filter>2DFrameWork\Scene</Filter>
    </ClInclude>
    <ClInclude Include="Skul.h">
      <Filter>2DFrameWork\SkulCharactor</Filter>
    </ClInclude>
  </ItemGroup>
</Project>